
Microsoft Visual Studio Solution File, Format Version 12.00
# Visual Studio Version 16
VisualStudioVersion = 16.0.29613.14
MinimumVisualStudioVersion = 10.0.40219.1
Project("{9A19103F-16F7-4668-BE54-9A1E7A4F7556}") = "DemoTodoList.Core", "src\DemoTodoList.Core\DemoTodoList.Core.csproj", "{46F5AFF5-EEB9-4B75-9429-7E7AFEAACAE0}"
EndProject
Project("{9A19103F-16F7-4668-BE54-9A1E7A4F7556}") = "DemoTodoList.UI", "src\DemoTodoList.UI\DemoTodoList.UI.csproj", "{8A1D26A9-91BA-4776-8BB2-393DCC5AF49C}"
EndProject
Project("{FAE04EC0-301F-11D3-BF4B-00C04F79EFBC}") = "DemoTodoList.Droid", "src\DemoTodoList.Droid\DemoTodoList.Droid.csproj", "{9CFD68F8-E12D-4E0D-8298-26BE24A3D122}"
EndProject
Project("{FAE04EC0-301F-11D3-BF4B-00C04F79EFBC}") = "DemoTodoList.iOS", "src\DemoTodoList.iOS\DemoTodoList.iOS.csproj", "{D60A1586-3CDA-48B2-893C-45243E38AA83}"
EndProject
Project("{9A19103F-16F7-4668-BE54-9A1E7A4F7556}") = "DemoTodoList.Core.Test", "test\DemoTodoList.Core.Test\DemoTodoList.Core.Test.csproj", "{F6B162C6-2D0D-46BD-AD5F-649835C880FA}"
EndProject
Project("{FAE04EC0-301F-11D3-BF4B-00C04F79EFBC}") = "DemoTodoList.Droid.Test", "test\DemoTodoList.Droid.Test\DemoTodoList.Droid.Test.csproj", "{C19AEF0F-D1BB-4DE1-8F0B-D6837DCCF5D2}"
EndProject
Project("{FAE04EC0-301F-11D3-BF4B-00C04F79EFBC}") = "DemoTodoList.iOS.Test", "test\DemoTodoList.iOS.Test\DemoTodoList.iOS.Test.csproj", "{6CDFAA21-3DD4-4619-B8A9-25994B2C0AE7}"
EndProject
Project("{FAE04EC0-301F-11D3-BF4B-00C04F79EFBC}") = "DemoTodoList.UI.Test", "test\DemoTodoList.UI.Test\DemoTodoList.UI.Test.csproj", "{C20746FD-8D35-464E-9748-D45D5D64CFCB}"
EndProject
Project("{2150E333-8FDC-42A3-9474-1A3956D46DE8}") = "Tests", "Tests", "{A299BDCD-79F0-4038-98F5-E2D1F4DEBB15}"
EndProject
Project("{2150E333-8FDC-42A3-9474-1A3956D46DE8}") = "Platforms", "Platforms", "{F743509D-5021-4AC7-BCD6-937A19D883F8}"
EndProject
Project("{9A19103F-16F7-4668-BE54-9A1E7A4F7556}") = "DemoTodoList.Entities", "src\DemoTodoList.Entities\DemoTodoList.Entities.csproj", "{93814D48-7CAA-4C94-A6BF-967AD8AD0D34}"
EndProject
Project("{9A19103F-16F7-4668-BE54-9A1E7A4F7556}") = "DemoTodoList.Repository", "src\DemoTodoList.Repository\DemoTodoList.Repository.csproj", "{F5F1E369-8A18-4E3D-B8D2-249DE125FC25}"
EndProject
Project("{9A19103F-16F7-4668-BE54-9A1E7A4F7556}") = "DemoTodoList.Shared", "src\DemoTodoList.Shared\DemoTodoList.Shared.csproj", "{E84B20B4-CE84-4CC5-8354-80E04AAA66D0}"
EndProject
Project("{9A19103F-16F7-4668-BE54-9A1E7A4F7556}") = "DemoTodoList.UserCases", "src\DemoTodoList.UserCases\DemoTodoList.UserCases.csproj", "{D5BF774F-9687-4F6F-9F1B-A8944B71A196}"
EndProject
Global
	GlobalSection(SolutionConfigurationPlatforms) = preSolution
		Debug|Any CPU = Debug|Any CPU
		Debug|ARM = Debug|ARM
		Debug|iPhone = Debug|iPhone
		Debug|iPhoneSimulator = Debug|iPhoneSimulator
		Debug|x64 = Debug|x64
		Debug|x86 = Debug|x86
		Release|Any CPU = Release|Any CPU
		Release|ARM = Release|ARM
		Release|iPhone = Release|iPhone
		Release|iPhoneSimulator = Release|iPhoneSimulator
		Release|x64 = Release|x64
		Release|x86 = Release|x86
	EndGlobalSection
	GlobalSection(ProjectConfigurationPlatforms) = postSolution
		{46F5AFF5-EEB9-4B75-9429-7E7AFEAACAE0}.Debug|Any CPU.ActiveCfg = Debug|Any CPU
		{46F5AFF5-EEB9-4B75-9429-7E7AFEAACAE0}.Debug|Any CPU.Build.0 = Debug|Any CPU
		{46F5AFF5-EEB9-4B75-9429-7E7AFEAACAE0}.Debug|ARM.ActiveCfg = Debug|Any CPU
		{46F5AFF5-EEB9-4B75-9429-7E7AFEAACAE0}.Debug|ARM.Build.0 = Debug|Any CPU
		{46F5AFF5-EEB9-4B75-9429-7E7AFEAACAE0}.Debug|iPhone.ActiveCfg = Debug|Any CPU
		{46F5AFF5-EEB9-4B75-9429-7E7AFEAACAE0}.Debug|iPhone.Build.0 = Debug|Any CPU
		{46F5AFF5-EEB9-4B75-9429-7E7AFEAACAE0}.Debug|iPhoneSimulator.ActiveCfg = Debug|Any CPU
		{46F5AFF5-EEB9-4B75-9429-7E7AFEAACAE0}.Debug|iPhoneSimulator.Build.0 = Debug|Any CPU
		{46F5AFF5-EEB9-4B75-9429-7E7AFEAACAE0}.Debug|x64.ActiveCfg = Debug|Any CPU
		{46F5AFF5-EEB9-4B75-9429-7E7AFEAACAE0}.Debug|x64.Build.0 = Debug|Any CPU
		{46F5AFF5-EEB9-4B75-9429-7E7AFEAACAE0}.Debug|x86.ActiveCfg = Debug|Any CPU
		{46F5AFF5-EEB9-4B75-9429-7E7AFEAACAE0}.Debug|x86.Build.0 = Debug|Any CPU
		{46F5AFF5-EEB9-4B75-9429-7E7AFEAACAE0}.Release|Any CPU.ActiveCfg = Release|Any CPU
		{46F5AFF5-EEB9-4B75-9429-7E7AFEAACAE0}.Release|Any CPU.Build.0 = Release|Any CPU
		{46F5AFF5-EEB9-4B75-9429-7E7AFEAACAE0}.Release|ARM.ActiveCfg = Release|Any CPU
		{46F5AFF5-EEB9-4B75-9429-7E7AFEAACAE0}.Release|ARM.Build.0 = Release|Any CPU
		{46F5AFF5-EEB9-4B75-9429-7E7AFEAACAE0}.Release|iPhone.ActiveCfg = Release|Any CPU
		{46F5AFF5-EEB9-4B75-9429-7E7AFEAACAE0}.Release|iPhone.Build.0 = Release|Any CPU
		{46F5AFF5-EEB9-4B75-9429-7E7AFEAACAE0}.Release|iPhoneSimulator.ActiveCfg = Release|Any CPU
		{46F5AFF5-EEB9-4B75-9429-7E7AFEAACAE0}.Release|iPhoneSimulator.Build.0 = Release|Any CPU
		{46F5AFF5-EEB9-4B75-9429-7E7AFEAACAE0}.Release|x64.ActiveCfg = Release|Any CPU
		{46F5AFF5-EEB9-4B75-9429-7E7AFEAACAE0}.Release|x64.Build.0 = Release|Any CPU
		{46F5AFF5-EEB9-4B75-9429-7E7AFEAACAE0}.Release|x86.ActiveCfg = Release|Any CPU
		{46F5AFF5-EEB9-4B75-9429-7E7AFEAACAE0}.Release|x86.Build.0 = Release|Any CPU
		{8A1D26A9-91BA-4776-8BB2-393DCC5AF49C}.Debug|Any CPU.ActiveCfg = Debug|Any CPU
		{8A1D26A9-91BA-4776-8BB2-393DCC5AF49C}.Debug|Any CPU.Build.0 = Debug|Any CPU
		{8A1D26A9-91BA-4776-8BB2-393DCC5AF49C}.Debug|ARM.ActiveCfg = Debug|Any CPU
		{8A1D26A9-91BA-4776-8BB2-393DCC5AF49C}.Debug|ARM.Build.0 = Debug|Any CPU
		{8A1D26A9-91BA-4776-8BB2-393DCC5AF49C}.Debug|iPhone.ActiveCfg = Debug|Any CPU
		{8A1D26A9-91BA-4776-8BB2-393DCC5AF49C}.Debug|iPhone.Build.0 = Debug|Any CPU
		{8A1D26A9-91BA-4776-8BB2-393DCC5AF49C}.Debug|iPhoneSimulator.ActiveCfg = Debug|Any CPU
		{8A1D26A9-91BA-4776-8BB2-393DCC5AF49C}.Debug|iPhoneSimulator.Build.0 = Debug|Any CPU
		{8A1D26A9-91BA-4776-8BB2-393DCC5AF49C}.Debug|x64.ActiveCfg = Debug|Any CPU
		{8A1D26A9-91BA-4776-8BB2-393DCC5AF49C}.Debug|x64.Build.0 = Debug|Any CPU
		{8A1D26A9-91BA-4776-8BB2-393DCC5AF49C}.Debug|x86.ActiveCfg = Debug|Any CPU
		{8A1D26A9-91BA-4776-8BB2-393DCC5AF49C}.Debug|x86.Build.0 = Debug|Any CPU
		{8A1D26A9-91BA-4776-8BB2-393DCC5AF49C}.Release|Any CPU.ActiveCfg = Release|Any CPU
		{8A1D26A9-91BA-4776-8BB2-393DCC5AF49C}.Release|Any CPU.Build.0 = Release|Any CPU
		{8A1D26A9-91BA-4776-8BB2-393DCC5AF49C}.Release|ARM.ActiveCfg = Release|Any CPU
		{8A1D26A9-91BA-4776-8BB2-393DCC5AF49C}.Release|ARM.Build.0 = Release|Any CPU
		{8A1D26A9-91BA-4776-8BB2-393DCC5AF49C}.Release|iPhone.ActiveCfg = Release|Any CPU
		{8A1D26A9-91BA-4776-8BB2-393DCC5AF49C}.Release|iPhone.Build.0 = Release|Any CPU
		{8A1D26A9-91BA-4776-8BB2-393DCC5AF49C}.Release|iPhoneSimulator.ActiveCfg = Release|Any CPU
		{8A1D26A9-91BA-4776-8BB2-393DCC5AF49C}.Release|iPhoneSimulator.Build.0 = Release|Any CPU
		{8A1D26A9-91BA-4776-8BB2-393DCC5AF49C}.Release|x64.ActiveCfg = Release|Any CPU
		{8A1D26A9-91BA-4776-8BB2-393DCC5AF49C}.Release|x64.Build.0 = Release|Any CPU
		{8A1D26A9-91BA-4776-8BB2-393DCC5AF49C}.Release|x86.ActiveCfg = Release|Any CPU
		{8A1D26A9-91BA-4776-8BB2-393DCC5AF49C}.Release|x86.Build.0 = Release|Any CPU
		{9CFD68F8-E12D-4E0D-8298-26BE24A3D122}.Debug|Any CPU.ActiveCfg = Debug|Any CPU
		{9CFD68F8-E12D-4E0D-8298-26BE24A3D122}.Debug|Any CPU.Build.0 = Debug|Any CPU
		{9CFD68F8-E12D-4E0D-8298-26BE24A3D122}.Debug|Any CPU.Deploy.0 = Debug|Any CPU
		{9CFD68F8-E12D-4E0D-8298-26BE24A3D122}.Debug|ARM.ActiveCfg = Debug|Any CPU
		{9CFD68F8-E12D-4E0D-8298-26BE24A3D122}.Debug|ARM.Build.0 = Debug|Any CPU
		{9CFD68F8-E12D-4E0D-8298-26BE24A3D122}.Debug|ARM.Deploy.0 = Debug|Any CPU
		{9CFD68F8-E12D-4E0D-8298-26BE24A3D122}.Debug|iPhone.ActiveCfg = Debug|Any CPU
		{9CFD68F8-E12D-4E0D-8298-26BE24A3D122}.Debug|iPhone.Build.0 = Debug|Any CPU
		{9CFD68F8-E12D-4E0D-8298-26BE24A3D122}.Debug|iPhone.Deploy.0 = Debug|Any CPU
		{9CFD68F8-E12D-4E0D-8298-26BE24A3D122}.Debug|iPhoneSimulator.ActiveCfg = Debug|Any CPU
		{9CFD68F8-E12D-4E0D-8298-26BE24A3D122}.Debug|iPhoneSimulator.Build.0 = Debug|Any CPU
		{9CFD68F8-E12D-4E0D-8298-26BE24A3D122}.Debug|iPhoneSimulator.Deploy.0 = Debug|Any CPU
		{9CFD68F8-E12D-4E0D-8298-26BE24A3D122}.Debug|x64.ActiveCfg = Debug|Any CPU
		{9CFD68F8-E12D-4E0D-8298-26BE24A3D122}.Debug|x64.Build.0 = Debug|Any CPU
		{9CFD68F8-E12D-4E0D-8298-26BE24A3D122}.Debug|x64.Deploy.0 = Debug|Any CPU
		{9CFD68F8-E12D-4E0D-8298-26BE24A3D122}.Debug|x86.ActiveCfg = Debug|Any CPU
		{9CFD68F8-E12D-4E0D-8298-26BE24A3D122}.Debug|x86.Build.0 = Debug|Any CPU
		{9CFD68F8-E12D-4E0D-8298-26BE24A3D122}.Debug|x86.Deploy.0 = Debug|Any CPU
		{9CFD68F8-E12D-4E0D-8298-26BE24A3D122}.Release|Any CPU.ActiveCfg = Release|Any CPU
		{9CFD68F8-E12D-4E0D-8298-26BE24A3D122}.Release|Any CPU.Build.0 = Release|Any CPU
		{9CFD68F8-E12D-4E0D-8298-26BE24A3D122}.Release|Any CPU.Deploy.0 = Release|Any CPU
		{9CFD68F8-E12D-4E0D-8298-26BE24A3D122}.Release|ARM.ActiveCfg = Release|Any CPU
		{9CFD68F8-E12D-4E0D-8298-26BE24A3D122}.Release|ARM.Build.0 = Release|Any CPU
		{9CFD68F8-E12D-4E0D-8298-26BE24A3D122}.Release|ARM.Deploy.0 = Release|Any CPU
		{9CFD68F8-E12D-4E0D-8298-26BE24A3D122}.Release|iPhone.ActiveCfg = Release|Any CPU
		{9CFD68F8-E12D-4E0D-8298-26BE24A3D122}.Release|iPhone.Build.0 = Release|Any CPU
		{9CFD68F8-E12D-4E0D-8298-26BE24A3D122}.Release|iPhone.Deploy.0 = Release|Any CPU
		{9CFD68F8-E12D-4E0D-8298-26BE24A3D122}.Release|iPhoneSimulator.ActiveCfg = Release|Any CPU
		{9CFD68F8-E12D-4E0D-8298-26BE24A3D122}.Release|iPhoneSimulator.Build.0 = Release|Any CPU
		{9CFD68F8-E12D-4E0D-8298-26BE24A3D122}.Release|iPhoneSimulator.Deploy.0 = Release|Any CPU
		{9CFD68F8-E12D-4E0D-8298-26BE24A3D122}.Release|x64.ActiveCfg = Release|Any CPU
		{9CFD68F8-E12D-4E0D-8298-26BE24A3D122}.Release|x64.Build.0 = Release|Any CPU
		{9CFD68F8-E12D-4E0D-8298-26BE24A3D122}.Release|x64.Deploy.0 = Release|Any CPU
		{9CFD68F8-E12D-4E0D-8298-26BE24A3D122}.Release|x86.ActiveCfg = Release|Any CPU
		{9CFD68F8-E12D-4E0D-8298-26BE24A3D122}.Release|x86.Build.0 = Release|Any CPU
		{9CFD68F8-E12D-4E0D-8298-26BE24A3D122}.Release|x86.Deploy.0 = Release|Any CPU
		{D60A1586-3CDA-48B2-893C-45243E38AA83}.Debug|Any CPU.ActiveCfg = Debug|iPhone
		{D60A1586-3CDA-48B2-893C-45243E38AA83}.Debug|Any CPU.Build.0 = Debug|iPhone
		{D60A1586-3CDA-48B2-893C-45243E38AA83}.Debug|ARM.ActiveCfg = Debug|iPhone
		{D60A1586-3CDA-48B2-893C-45243E38AA83}.Debug|iPhone.ActiveCfg = Debug|iPhone
		{D60A1586-3CDA-48B2-893C-45243E38AA83}.Debug|iPhone.Build.0 = Debug|iPhone
		{D60A1586-3CDA-48B2-893C-45243E38AA83}.Debug|iPhone.Deploy.0 = Debug|iPhone
		{D60A1586-3CDA-48B2-893C-45243E38AA83}.Debug|iPhoneSimulator.ActiveCfg = Debug|iPhoneSimulator
		{D60A1586-3CDA-48B2-893C-45243E38AA83}.Debug|iPhoneSimulator.Build.0 = Debug|iPhoneSimulator
		{D60A1586-3CDA-48B2-893C-45243E38AA83}.Debug|iPhoneSimulator.Deploy.0 = Debug|iPhoneSimulator
		{D60A1586-3CDA-48B2-893C-45243E38AA83}.Debug|x64.ActiveCfg = Debug|iPhone
		{D60A1586-3CDA-48B2-893C-45243E38AA83}.Debug|x86.ActiveCfg = Debug|iPhone
		{D60A1586-3CDA-48B2-893C-45243E38AA83}.Release|Any CPU.ActiveCfg = Release|iPhone
		{D60A1586-3CDA-48B2-893C-45243E38AA83}.Release|ARM.ActiveCfg = Release|iPhone
		{D60A1586-3CDA-48B2-893C-45243E38AA83}.Release|iPhone.ActiveCfg = Release|iPhone
		{D60A1586-3CDA-48B2-893C-45243E38AA83}.Release|iPhone.Build.0 = Release|iPhone
		{D60A1586-3CDA-48B2-893C-45243E38AA83}.Release|iPhone.Deploy.0 = Release|iPhone
		{D60A1586-3CDA-48B2-893C-45243E38AA83}.Release|iPhoneSimulator.ActiveCfg = Release|iPhoneSimulator
		{D60A1586-3CDA-48B2-893C-45243E38AA83}.Release|iPhoneSimulator.Build.0 = Release|iPhoneSimulator
		{D60A1586-3CDA-48B2-893C-45243E38AA83}.Release|iPhoneSimulator.Deploy.0 = Release|iPhoneSimulator
		{D60A1586-3CDA-48B2-893C-45243E38AA83}.Release|x64.ActiveCfg = Release|iPhone
		{D60A1586-3CDA-48B2-893C-45243E38AA83}.Release|x86.ActiveCfg = Release|iPhone
		{F6B162C6-2D0D-46BD-AD5F-649835C880FA}.Debug|Any CPU.ActiveCfg = Debug|Any CPU
		{F6B162C6-2D0D-46BD-AD5F-649835C880FA}.Debug|Any CPU.Build.0 = Debug|Any CPU
		{F6B162C6-2D0D-46BD-AD5F-649835C880FA}.Debug|ARM.ActiveCfg = Debug|Any CPU
		{F6B162C6-2D0D-46BD-AD5F-649835C880FA}.Debug|ARM.Build.0 = Debug|Any CPU
		{F6B162C6-2D0D-46BD-AD5F-649835C880FA}.Debug|iPhone.ActiveCfg = Debug|Any CPU
		{F6B162C6-2D0D-46BD-AD5F-649835C880FA}.Debug|iPhone.Build.0 = Debug|Any CPU
		{F6B162C6-2D0D-46BD-AD5F-649835C880FA}.Debug|iPhoneSimulator.ActiveCfg = Debug|Any CPU
		{F6B162C6-2D0D-46BD-AD5F-649835C880FA}.Debug|iPhoneSimulator.Build.0 = Debug|Any CPU
		{F6B162C6-2D0D-46BD-AD5F-649835C880FA}.Debug|x64.ActiveCfg = Debug|Any CPU
		{F6B162C6-2D0D-46BD-AD5F-649835C880FA}.Debug|x64.Build.0 = Debug|Any CPU
		{F6B162C6-2D0D-46BD-AD5F-649835C880FA}.Debug|x86.ActiveCfg = Debug|Any CPU
		{F6B162C6-2D0D-46BD-AD5F-649835C880FA}.Debug|x86.Build.0 = Debug|Any CPU
		{F6B162C6-2D0D-46BD-AD5F-649835C880FA}.Release|Any CPU.ActiveCfg = Release|Any CPU
		{F6B162C6-2D0D-46BD-AD5F-649835C880FA}.Release|Any CPU.Build.0 = Release|Any CPU
		{F6B162C6-2D0D-46BD-AD5F-649835C880FA}.Release|ARM.ActiveCfg = Release|Any CPU
		{F6B162C6-2D0D-46BD-AD5F-649835C880FA}.Release|ARM.Build.0 = Release|Any CPU
		{F6B162C6-2D0D-46BD-AD5F-649835C880FA}.Release|iPhone.ActiveCfg = Release|Any CPU
		{F6B162C6-2D0D-46BD-AD5F-649835C880FA}.Release|iPhone.Build.0 = Release|Any CPU
		{F6B162C6-2D0D-46BD-AD5F-649835C880FA}.Release|iPhoneSimulator.ActiveCfg = Release|Any CPU
		{F6B162C6-2D0D-46BD-AD5F-649835C880FA}.Release|iPhoneSimulator.Build.0 = Release|Any CPU
		{F6B162C6-2D0D-46BD-AD5F-649835C880FA}.Release|x64.ActiveCfg = Release|Any CPU
		{F6B162C6-2D0D-46BD-AD5F-649835C880FA}.Release|x64.Build.0 = Release|Any CPU
		{F6B162C6-2D0D-46BD-AD5F-649835C880FA}.Release|x86.ActiveCfg = Release|Any CPU
		{F6B162C6-2D0D-46BD-AD5F-649835C880FA}.Release|x86.Build.0 = Release|Any CPU
		{C19AEF0F-D1BB-4DE1-8F0B-D6837DCCF5D2}.Debug|Any CPU.ActiveCfg = Debug|Any CPU
		{C19AEF0F-D1BB-4DE1-8F0B-D6837DCCF5D2}.Debug|Any CPU.Build.0 = Debug|Any CPU
		{C19AEF0F-D1BB-4DE1-8F0B-D6837DCCF5D2}.Debug|Any CPU.Deploy.0 = Debug|Any CPU
		{C19AEF0F-D1BB-4DE1-8F0B-D6837DCCF5D2}.Debug|ARM.ActiveCfg = Debug|Any CPU
		{C19AEF0F-D1BB-4DE1-8F0B-D6837DCCF5D2}.Debug|ARM.Build.0 = Debug|Any CPU
		{C19AEF0F-D1BB-4DE1-8F0B-D6837DCCF5D2}.Debug|ARM.Deploy.0 = Debug|Any CPU
		{C19AEF0F-D1BB-4DE1-8F0B-D6837DCCF5D2}.Debug|iPhone.ActiveCfg = Debug|Any CPU
		{C19AEF0F-D1BB-4DE1-8F0B-D6837DCCF5D2}.Debug|iPhone.Build.0 = Debug|Any CPU
		{C19AEF0F-D1BB-4DE1-8F0B-D6837DCCF5D2}.Debug|iPhone.Deploy.0 = Debug|Any CPU
		{C19AEF0F-D1BB-4DE1-8F0B-D6837DCCF5D2}.Debug|iPhoneSimulator.ActiveCfg = Debug|Any CPU
		{C19AEF0F-D1BB-4DE1-8F0B-D6837DCCF5D2}.Debug|iPhoneSimulator.Build.0 = Debug|Any CPU
		{C19AEF0F-D1BB-4DE1-8F0B-D6837DCCF5D2}.Debug|iPhoneSimulator.Deploy.0 = Debug|Any CPU
		{C19AEF0F-D1BB-4DE1-8F0B-D6837DCCF5D2}.Debug|x64.ActiveCfg = Debug|Any CPU
		{C19AEF0F-D1BB-4DE1-8F0B-D6837DCCF5D2}.Debug|x64.Build.0 = Debug|Any CPU
		{C19AEF0F-D1BB-4DE1-8F0B-D6837DCCF5D2}.Debug|x64.Deploy.0 = Debug|Any CPU
		{C19AEF0F-D1BB-4DE1-8F0B-D6837DCCF5D2}.Debug|x86.ActiveCfg = Debug|Any CPU
		{C19AEF0F-D1BB-4DE1-8F0B-D6837DCCF5D2}.Debug|x86.Build.0 = Debug|Any CPU
		{C19AEF0F-D1BB-4DE1-8F0B-D6837DCCF5D2}.Debug|x86.Deploy.0 = Debug|Any CPU
		{C19AEF0F-D1BB-4DE1-8F0B-D6837DCCF5D2}.Release|Any CPU.ActiveCfg = Release|Any CPU
		{C19AEF0F-D1BB-4DE1-8F0B-D6837DCCF5D2}.Release|Any CPU.Build.0 = Release|Any CPU
		{C19AEF0F-D1BB-4DE1-8F0B-D6837DCCF5D2}.Release|Any CPU.Deploy.0 = Release|Any CPU
		{C19AEF0F-D1BB-4DE1-8F0B-D6837DCCF5D2}.Release|ARM.ActiveCfg = Release|Any CPU
		{C19AEF0F-D1BB-4DE1-8F0B-D6837DCCF5D2}.Release|ARM.Build.0 = Release|Any CPU
		{C19AEF0F-D1BB-4DE1-8F0B-D6837DCCF5D2}.Release|ARM.Deploy.0 = Release|Any CPU
		{C19AEF0F-D1BB-4DE1-8F0B-D6837DCCF5D2}.Release|iPhone.ActiveCfg = Release|Any CPU
		{C19AEF0F-D1BB-4DE1-8F0B-D6837DCCF5D2}.Release|iPhone.Build.0 = Release|Any CPU
		{C19AEF0F-D1BB-4DE1-8F0B-D6837DCCF5D2}.Release|iPhone.Deploy.0 = Release|Any CPU
		{C19AEF0F-D1BB-4DE1-8F0B-D6837DCCF5D2}.Release|iPhoneSimulator.ActiveCfg = Release|Any CPU
		{C19AEF0F-D1BB-4DE1-8F0B-D6837DCCF5D2}.Release|iPhoneSimulator.Build.0 = Release|Any CPU
		{C19AEF0F-D1BB-4DE1-8F0B-D6837DCCF5D2}.Release|iPhoneSimulator.Deploy.0 = Release|Any CPU
		{C19AEF0F-D1BB-4DE1-8F0B-D6837DCCF5D2}.Release|x64.ActiveCfg = Release|Any CPU
		{C19AEF0F-D1BB-4DE1-8F0B-D6837DCCF5D2}.Release|x64.Build.0 = Release|Any CPU
		{C19AEF0F-D1BB-4DE1-8F0B-D6837DCCF5D2}.Release|x64.Deploy.0 = Release|Any CPU
		{C19AEF0F-D1BB-4DE1-8F0B-D6837DCCF5D2}.Release|x86.ActiveCfg = Release|Any CPU
		{C19AEF0F-D1BB-4DE1-8F0B-D6837DCCF5D2}.Release|x86.Build.0 = Release|Any CPU
		{C19AEF0F-D1BB-4DE1-8F0B-D6837DCCF5D2}.Release|x86.Deploy.0 = Release|Any CPU
		{6CDFAA21-3DD4-4619-B8A9-25994B2C0AE7}.Debug|Any CPU.ActiveCfg = Debug|iPhone
		{6CDFAA21-3DD4-4619-B8A9-25994B2C0AE7}.Debug|Any CPU.Build.0 = Debug|iPhone
		{6CDFAA21-3DD4-4619-B8A9-25994B2C0AE7}.Debug|ARM.ActiveCfg = Debug|iPhone
		{6CDFAA21-3DD4-4619-B8A9-25994B2C0AE7}.Debug|iPhone.ActiveCfg = Debug|iPhone
		{6CDFAA21-3DD4-4619-B8A9-25994B2C0AE7}.Debug|iPhone.Build.0 = Debug|iPhone
		{6CDFAA21-3DD4-4619-B8A9-25994B2C0AE7}.Debug|iPhoneSimulator.ActiveCfg = Debug|iPhoneSimulator
		{6CDFAA21-3DD4-4619-B8A9-25994B2C0AE7}.Debug|iPhoneSimulator.Build.0 = Debug|iPhoneSimulator
		{6CDFAA21-3DD4-4619-B8A9-25994B2C0AE7}.Debug|x64.ActiveCfg = Debug|iPhone
		{6CDFAA21-3DD4-4619-B8A9-25994B2C0AE7}.Debug|x86.ActiveCfg = Debug|iPhone
		{6CDFAA21-3DD4-4619-B8A9-25994B2C0AE7}.Release|Any CPU.ActiveCfg = Release|iPhone
		{6CDFAA21-3DD4-4619-B8A9-25994B2C0AE7}.Release|ARM.ActiveCfg = Release|iPhone
		{6CDFAA21-3DD4-4619-B8A9-25994B2C0AE7}.Release|iPhone.ActiveCfg = Release|iPhone
		{6CDFAA21-3DD4-4619-B8A9-25994B2C0AE7}.Release|iPhone.Build.0 = Release|iPhone
		{6CDFAA21-3DD4-4619-B8A9-25994B2C0AE7}.Release|iPhoneSimulator.ActiveCfg = Release|iPhoneSimulator
		{6CDFAA21-3DD4-4619-B8A9-25994B2C0AE7}.Release|iPhoneSimulator.Build.0 = Release|iPhoneSimulator
		{6CDFAA21-3DD4-4619-B8A9-25994B2C0AE7}.Release|x64.ActiveCfg = Release|iPhone
		{6CDFAA21-3DD4-4619-B8A9-25994B2C0AE7}.Release|x86.ActiveCfg = Release|iPhone
		{C20746FD-8D35-464E-9748-D45D5D64CFCB}.Debug|Any CPU.ActiveCfg = Debug|Any CPU
		{C20746FD-8D35-464E-9748-D45D5D64CFCB}.Debug|Any CPU.Build.0 = Debug|Any CPU
		{C20746FD-8D35-464E-9748-D45D5D64CFCB}.Debug|ARM.ActiveCfg = Debug|Any CPU
		{C20746FD-8D35-464E-9748-D45D5D64CFCB}.Debug|ARM.Build.0 = Debug|Any CPU
		{C20746FD-8D35-464E-9748-D45D5D64CFCB}.Debug|iPhone.ActiveCfg = Debug|Any CPU
		{C20746FD-8D35-464E-9748-D45D5D64CFCB}.Debug|iPhone.Build.0 = Debug|Any CPU
		{C20746FD-8D35-464E-9748-D45D5D64CFCB}.Debug|iPhoneSimulator.ActiveCfg = Debug|Any CPU
		{C20746FD-8D35-464E-9748-D45D5D64CFCB}.Debug|iPhoneSimulator.Build.0 = Debug|Any CPU
		{C20746FD-8D35-464E-9748-D45D5D64CFCB}.Debug|x64.ActiveCfg = Debug|Any CPU
		{C20746FD-8D35-464E-9748-D45D5D64CFCB}.Debug|x64.Build.0 = Debug|Any CPU
		{C20746FD-8D35-464E-9748-D45D5D64CFCB}.Debug|x86.ActiveCfg = Debug|Any CPU
		{C20746FD-8D35-464E-9748-D45D5D64CFCB}.Debug|x86.Build.0 = Debug|Any CPU
		{C20746FD-8D35-464E-9748-D45D5D64CFCB}.Release|Any CPU.ActiveCfg = Release|Any CPU
		{C20746FD-8D35-464E-9748-D45D5D64CFCB}.Release|Any CPU.Build.0 = Release|Any CPU
		{C20746FD-8D35-464E-9748-D45D5D64CFCB}.Release|ARM.ActiveCfg = Release|Any CPU
		{C20746FD-8D35-464E-9748-D45D5D64CFCB}.Release|ARM.Build.0 = Release|Any CPU
		{C20746FD-8D35-464E-9748-D45D5D64CFCB}.Release|iPhone.ActiveCfg = Release|Any CPU
		{C20746FD-8D35-464E-9748-D45D5D64CFCB}.Release|iPhone.Build.0 = Release|Any CPU
		{C20746FD-8D35-464E-9748-D45D5D64CFCB}.Release|iPhoneSimulator.ActiveCfg = Release|Any CPU
		{C20746FD-8D35-464E-9748-D45D5D64CFCB}.Release|iPhoneSimulator.Build.0 = Release|Any CPU
		{C20746FD-8D35-464E-9748-D45D5D64CFCB}.Release|x64.ActiveCfg = Release|Any CPU
		{C20746FD-8D35-464E-9748-D45D5D64CFCB}.Release|x64.Build.0 = Release|Any CPU
		{C20746FD-8D35-464E-9748-D45D5D64CFCB}.Release|x86.ActiveCfg = Release|Any CPU
		{C20746FD-8D35-464E-9748-D45D5D64CFCB}.Release|x86.Build.0 = Release|Any CPU
		{93814D48-7CAA-4C94-A6BF-967AD8AD0D34}.Debug|Any CPU.ActiveCfg = Debug|Any CPU
		{93814D48-7CAA-4C94-A6BF-967AD8AD0D34}.Debug|Any CPU.Build.0 = Debug|Any CPU
		{93814D48-7CAA-4C94-A6BF-967AD8AD0D34}.Debug|ARM.ActiveCfg = Debug|Any CPU
		{93814D48-7CAA-4C94-A6BF-967AD8AD0D34}.Debug|ARM.Build.0 = Debug|Any CPU
		{93814D48-7CAA-4C94-A6BF-967AD8AD0D34}.Debug|iPhone.ActiveCfg = Debug|Any CPU
		{93814D48-7CAA-4C94-A6BF-967AD8AD0D34}.Debug|iPhone.Build.0 = Debug|Any CPU
		{93814D48-7CAA-4C94-A6BF-967AD8AD0D34}.Debug|iPhoneSimulator.ActiveCfg = Debug|Any CPU
		{93814D48-7CAA-4C94-A6BF-967AD8AD0D34}.Debug|iPhoneSimulator.Build.0 = Debug|Any CPU
		{93814D48-7CAA-4C94-A6BF-967AD8AD0D34}.Debug|x64.ActiveCfg = Debug|Any CPU
		{93814D48-7CAA-4C94-A6BF-967AD8AD0D34}.Debug|x64.Build.0 = Debug|Any CPU
		{93814D48-7CAA-4C94-A6BF-967AD8AD0D34}.Debug|x86.ActiveCfg = Debug|Any CPU
		{93814D48-7CAA-4C94-A6BF-967AD8AD0D34}.Debug|x86.Build.0 = Debug|Any CPU
		{93814D48-7CAA-4C94-A6BF-967AD8AD0D34}.Release|Any CPU.ActiveCfg = Release|Any CPU
		{93814D48-7CAA-4C94-A6BF-967AD8AD0D34}.Release|Any CPU.Build.0 = Release|Any CPU
		{93814D48-7CAA-4C94-A6BF-967AD8AD0D34}.Release|ARM.ActiveCfg = Release|Any CPU
		{93814D48-7CAA-4C94-A6BF-967AD8AD0D34}.Release|ARM.Build.0 = Release|Any CPU
		{93814D48-7CAA-4C94-A6BF-967AD8AD0D34}.Release|iPhone.ActiveCfg = Release|Any CPU
		{93814D48-7CAA-4C94-A6BF-967AD8AD0D34}.Release|iPhone.Build.0 = Release|Any CPU
		{93814D48-7CAA-4C94-A6BF-967AD8AD0D34}.Release|iPhoneSimulator.ActiveCfg = Release|Any CPU
		{93814D48-7CAA-4C94-A6BF-967AD8AD0D34}.Release|iPhoneSimulator.Build.0 = Release|Any CPU
		{93814D48-7CAA-4C94-A6BF-967AD8AD0D34}.Release|x64.ActiveCfg = Release|Any CPU
		{93814D48-7CAA-4C94-A6BF-967AD8AD0D34}.Release|x64.Build.0 = Release|Any CPU
		{93814D48-7CAA-4C94-A6BF-967AD8AD0D34}.Release|x86.ActiveCfg = Release|Any CPU
		{93814D48-7CAA-4C94-A6BF-967AD8AD0D34}.Release|x86.Build.0 = Release|Any CPU
		{F5F1E369-8A18-4E3D-B8D2-249DE125FC25}.Debug|Any CPU.ActiveCfg = Debug|Any CPU
		{F5F1E369-8A18-4E3D-B8D2-249DE125FC25}.Debug|Any CPU.Build.0 = Debug|Any CPU
		{F5F1E369-8A18-4E3D-B8D2-249DE125FC25}.Debug|ARM.ActiveCfg = Debug|Any CPU
		{F5F1E369-8A18-4E3D-B8D2-249DE125FC25}.Debug|ARM.Build.0 = Debug|Any CPU
		{F5F1E369-8A18-4E3D-B8D2-249DE125FC25}.Debug|iPhone.ActiveCfg = Debug|Any CPU
		{F5F1E369-8A18-4E3D-B8D2-249DE125FC25}.Debug|iPhone.Build.0 = Debug|Any CPU
		{F5F1E369-8A18-4E3D-B8D2-249DE125FC25}.Debug|iPhoneSimulator.ActiveCfg = Debug|Any CPU
		{F5F1E369-8A18-4E3D-B8D2-249DE125FC25}.Debug|iPhoneSimulator.Build.0 = Debug|Any CPU
		{F5F1E369-8A18-4E3D-B8D2-249DE125FC25}.Debug|x64.ActiveCfg = Debug|Any CPU
		{F5F1E369-8A18-4E3D-B8D2-249DE125FC25}.Debug|x64.Build.0 = Debug|Any CPU
		{F5F1E369-8A18-4E3D-B8D2-249DE125FC25}.Debug|x86.ActiveCfg = Debug|Any CPU
		{F5F1E369-8A18-4E3D-B8D2-249DE125FC25}.Debug|x86.Build.0 = Debug|Any CPU
		{F5F1E369-8A18-4E3D-B8D2-249DE125FC25}.Release|Any CPU.ActiveCfg = Release|Any CPU
		{F5F1E369-8A18-4E3D-B8D2-249DE125FC25}.Release|Any CPU.Build.0 = Release|Any CPU
		{F5F1E369-8A18-4E3D-B8D2-249DE125FC25}.Release|ARM.ActiveCfg = Release|Any CPU
		{F5F1E369-8A18-4E3D-B8D2-249DE125FC25}.Release|ARM.Build.0 = Release|Any CPU
		{F5F1E369-8A18-4E3D-B8D2-249DE125FC25}.Release|iPhone.ActiveCfg = Release|Any CPU
		{F5F1E369-8A18-4E3D-B8D2-249DE125FC25}.Release|iPhone.Build.0 = Release|Any CPU
		{F5F1E369-8A18-4E3D-B8D2-249DE125FC25}.Release|iPhoneSimulator.ActiveCfg = Release|Any CPU
		{F5F1E369-8A18-4E3D-B8D2-249DE125FC25}.Release|iPhoneSimulator.Build.0 = Release|Any CPU
		{F5F1E369-8A18-4E3D-B8D2-249DE125FC25}.Release|x64.ActiveCfg = Release|Any CPU
		{F5F1E369-8A18-4E3D-B8D2-249DE125FC25}.Release|x64.Build.0 = Release|Any CPU
		{F5F1E369-8A18-4E3D-B8D2-249DE125FC25}.Release|x86.ActiveCfg = Release|Any CPU
		{F5F1E369-8A18-4E3D-B8D2-249DE125FC25}.Release|x86.Build.0 = Release|Any CPU
		{E84B20B4-CE84-4CC5-8354-80E04AAA66D0}.Debug|Any CPU.ActiveCfg = Debug|Any CPU
		{E84B20B4-CE84-4CC5-8354-80E04AAA66D0}.Debug|Any CPU.Build.0 = Debug|Any CPU
		{E84B20B4-CE84-4CC5-8354-80E04AAA66D0}.Debug|ARM.ActiveCfg = Debug|Any CPU
		{E84B20B4-CE84-4CC5-8354-80E04AAA66D0}.Debug|ARM.Build.0 = Debug|Any CPU
		{E84B20B4-CE84-4CC5-8354-80E04AAA66D0}.Debug|iPhone.ActiveCfg = Debug|Any CPU
		{E84B20B4-CE84-4CC5-8354-80E04AAA66D0}.Debug|iPhone.Build.0 = Debug|Any CPU
		{E84B20B4-CE84-4CC5-8354-80E04AAA66D0}.Debug|iPhoneSimulator.ActiveCfg = Debug|Any CPU
		{E84B20B4-CE84-4CC5-8354-80E04AAA66D0}.Debug|iPhoneSimulator.Build.0 = Debug|Any CPU
		{E84B20B4-CE84-4CC5-8354-80E04AAA66D0}.Debug|x64.ActiveCfg = Debug|Any CPU
		{E84B20B4-CE84-4CC5-8354-80E04AAA66D0}.Debug|x64.Build.0 = Debug|Any CPU
		{E84B20B4-CE84-4CC5-8354-80E04AAA66D0}.Debug|x86.ActiveCfg = Debug|Any CPU
		{E84B20B4-CE84-4CC5-8354-80E04AAA66D0}.Debug|x86.Build.0 = Debug|Any CPU
		{E84B20B4-CE84-4CC5-8354-80E04AAA66D0}.Release|Any CPU.ActiveCfg = Release|Any CPU
		{E84B20B4-CE84-4CC5-8354-80E04AAA66D0}.Release|Any CPU.Build.0 = Release|Any CPU
		{E84B20B4-CE84-4CC5-8354-80E04AAA66D0}.Release|ARM.ActiveCfg = Release|Any CPU
		{E84B20B4-CE84-4CC5-8354-80E04AAA66D0}.Release|ARM.Build.0 = Release|Any CPU
		{E84B20B4-CE84-4CC5-8354-80E04AAA66D0}.Release|iPhone.ActiveCfg = Release|Any CPU
		{E84B20B4-CE84-4CC5-8354-80E04AAA66D0}.Release|iPhone.Build.0 = Release|Any CPU
		{E84B20B4-CE84-4CC5-8354-80E04AAA66D0}.Release|iPhoneSimulator.ActiveCfg = Release|Any CPU
		{E84B20B4-CE84-4CC5-8354-80E04AAA66D0}.Release|iPhoneSimulator.Build.0 = Release|Any CPU
		{E84B20B4-CE84-4CC5-8354-80E04AAA66D0}.Release|x64.ActiveCfg = Release|Any CPU
		{E84B20B4-CE84-4CC5-8354-80E04AAA66D0}.Release|x64.Build.0 = Release|Any CPU
		{E84B20B4-CE84-4CC5-8354-80E04AAA66D0}.Release|x86.ActiveCfg = Release|Any CPU
		{E84B20B4-CE84-4CC5-8354-80E04AAA66D0}.Release|x86.Build.0 = Release|Any CPU
		{D5BF774F-9687-4F6F-9F1B-A8944B71A196}.Debug|Any CPU.ActiveCfg = Debug|Any CPU
		{D5BF774F-9687-4F6F-9F1B-A8944B71A196}.Debug|Any CPU.Build.0 = Debug|Any CPU
		{D5BF774F-9687-4F6F-9F1B-A8944B71A196}.Debug|ARM.ActiveCfg = Debug|Any CPU
		{D5BF774F-9687-4F6F-9F1B-A8944B71A196}.Debug|ARM.Build.0 = Debug|Any CPU
		{D5BF774F-9687-4F6F-9F1B-A8944B71A196}.Debug|iPhone.ActiveCfg = Debug|Any CPU
		{D5BF774F-9687-4F6F-9F1B-A8944B71A196}.Debug|iPhone.Build.0 = Debug|Any CPU
		{D5BF774F-9687-4F6F-9F1B-A8944B71A196}.Debug|iPhoneSimulator.ActiveCfg = Debug|Any CPU
		{D5BF774F-9687-4F6F-9F1B-A8944B71A196}.Debug|iPhoneSimulator.Build.0 = Debug|Any CPU
		{D5BF774F-9687-4F6F-9F1B-A8944B71A196}.Debug|x64.ActiveCfg = Debug|Any CPU
		{D5BF774F-9687-4F6F-9F1B-A8944B71A196}.Debug|x64.Build.0 = Debug|Any CPU
		{D5BF774F-9687-4F6F-9F1B-A8944B71A196}.Debug|x86.ActiveCfg = Debug|Any CPU
		{D5BF774F-9687-4F6F-9F1B-A8944B71A196}.Debug|x86.Build.0 = Debug|Any CPU
		{D5BF774F-9687-4F6F-9F1B-A8944B71A196}.Release|Any CPU.ActiveCfg = Release|Any CPU
		{D5BF774F-9687-4F6F-9F1B-A8944B71A196}.Release|Any CPU.Build.0 = Release|Any CPU
		{D5BF774F-9687-4F6F-9F1B-A8944B71A196}.Release|ARM.ActiveCfg = Release|Any CPU
		{D5BF774F-9687-4F6F-9F1B-A8944B71A196}.Release|ARM.Build.0 = Release|Any CPU
		{D5BF774F-9687-4F6F-9F1B-A8944B71A196}.Release|iPhone.ActiveCfg = Release|Any CPU
		{D5BF774F-9687-4F6F-9F1B-A8944B71A196}.Release|iPhone.Build.0 = Release|Any CPU
		{D5BF774F-9687-4F6F-9F1B-A8944B71A196}.Release|iPhoneSimulator.ActiveCfg = Release|Any CPU
		{D5BF774F-9687-4F6F-9F1B-A8944B71A196}.Release|iPhoneSimulator.Build.0 = Release|Any CPU
		{D5BF774F-9687-4F6F-9F1B-A8944B71A196}.Release|x64.ActiveCfg = Release|Any CPU
		{D5BF774F-9687-4F6F-9F1B-A8944B71A196}.Release|x64.Build.0 = Release|Any CPU
		{D5BF774F-9687-4F6F-9F1B-A8944B71A196}.Release|x86.ActiveCfg = Release|Any CPU
		{D5BF774F-9687-4F6F-9F1B-A8944B71A196}.Release|x86.Build.0 = Release|Any CPU
	EndGlobalSection
	GlobalSection(SolutionProperties) = preSolution
		HideSolutionNode = FALSE
	EndGlobalSection
	GlobalSection(NestedProjects) = preSolution
		{9CFD68F8-E12D-4E0D-8298-26BE24A3D122} = {F743509D-5021-4AC7-BCD6-937A19D883F8}
		{D60A1586-3CDA-48B2-893C-45243E38AA83} = {F743509D-5021-4AC7-BCD6-937A19D883F8}
		{F6B162C6-2D0D-46BD-AD5F-649835C880FA} = {A299BDCD-79F0-4038-98F5-E2D1F4DEBB15}
		{C19AEF0F-D1BB-4DE1-8F0B-D6837DCCF5D2} = {A299BDCD-79F0-4038-98F5-E2D1F4DEBB15}
		{6CDFAA21-3DD4-4619-B8A9-25994B2C0AE7} = {A299BDCD-79F0-4038-98F5-E2D1F4DEBB15}
		{C20746FD-8D35-464E-9748-D45D5D64CFCB} = {A299BDCD-79F0-4038-98F5-E2D1F4DEBB15}
	EndGlobalSection
	GlobalSection(ExtensibilityGlobals) = postSolution
		SolutionGuid = {6764CC63-044D-40A8-8A57-D554E745DAD4}
	EndGlobalSection
EndGlobal
